
Microsoft Visual Studio Solution File, Format Version 12.00
# Visual Studio Version 16
VisualStudioVersion = 16.0.30517.126
MinimumVisualStudioVersion = 10.0.40219.1
Project("{FAE04EC0-301F-11D3-BF4B-00C04F79EFBC}") = "WiredBrainCoffee.ShopInfoTool", "WiredBrainCoffee.ShopInfoTool\WiredBrainCoffee.ShopInfoTool.csproj", "{3EC603B1-1E71-4094-9E6E-25C599045ECA}"
EndProject
Global
	GlobalSection(SolutionConfigurationPlatforms) = preSolution
		Debug|Any CPU = Debug|Any CPU
		Release|Any CPU = Release|Any CPU
	EndGlobalSection
	GlobalSection(ProjectConfigurationPlatforms) = postSolution
		{3EC603B1-1E71-4094-9E6E-25C599045ECA}.Debug|Any CPU.ActiveCfg = Debug|Any CPU
		{3EC603B1-1E71-4094-9E6E-25C599045ECA}.Debug|Any CPU.Build.0 = Debug|Any CPU
		{3EC603B1-1E71-4094-9E6E-25C599045ECA}.Release|Any CPU.ActiveCfg = Release|Any CPU
		{3EC603B1-1E71-4094-9E6E-25C599045ECA}.Release|Any CPU.Build.0 = Release|Any CPU
	EndGlobalSection
	GlobalSection(SolutionProperties) = preSolution
		HideSolutionNode = FALSE
	EndGlobalSection
	GlobalSection(ExtensibilityGlobals) = postSolution
		SolutionGuid = {5B8109B2-4280-49F8-A588-FA1B936C8668}
	EndGlobalSection
EndGlobal
